PODS:
  - Firebase (2.2.0)
  - RDHCollectionViewGridLayout (1.2.1)
  - Unirest (1.1.4)

DEPENDENCIES:
  - Firebase
  - RDHCollectionViewGridLayout (~> 1.2)
  - Unirest (~> 1.1.4)

SPEC CHECKSUMS:
  Firebase: e5f9cf72c72a9fdaf7e136012b6c52a263a23ca7
  RDHCollectionViewGridLayout: 580e29225e8a625b05226d3d3bcd88833720cfee
  Unirest: 5e4d93eaf32463bf619a4ecd3bbc8c32acf21eac

COCOAPODS: 0.36.3
